
Microsoft Visual Studio Solution File, Format Version 12.00
# Visual Studio Version 17
VisualStudioVersion = 17.2.32630.192
MinimumVisualStudioVersion = 10.0.40219.1
Project("{FAE04EC0-301F-11D3-BF4B-00C04F79EFBC}") = "UserManagement.MVC", "UserManagement.MVC\UserManagement.MVC.csproj", "{1727B3EF-D647-436B-8FBD-00FC64AB6F4B}"
EndProject
Global
	GlobalSection(SolutionConfigurationPlatforms) = preSolution
		Debug|Any CPU = Debug|Any CPU
		Release|Any CPU = Release|Any CPU
	EndGlobalSection
	GlobalSection(ProjectConfigurationPlatforms) = postSolution
		{1727B3EF-D647-436B-8FBD-00FC64AB6F4B}.Debug|Any CPU.ActiveCfg = Debug|Any CPU
		{1727B3EF-D647-436B-8FBD-00FC64AB6F4B}.Debug|Any CPU.Build.0 = Debug|Any CPU
		{1727B3EF-D647-436B-8FBD-00FC64AB6F4B}.Release|Any CPU.ActiveCfg = Release|Any CPU
		{1727B3EF-D647-436B-8FBD-00FC64AB6F4B}.Release|Any CPU.Build.0 = Release|Any CPU
	EndGlobalSection
	GlobalSection(SolutionProperties) = preSolution
		HideSolutionNode = FALSE
	EndGlobalSection
	GlobalSection(ExtensibilityGlobals) = postSolution
		SolutionGuid = {2B91517B-2411-4ACD-93C9-13D2BAA856D2}
	EndGlobalSection
EndGlobal
